{"format_version":"1.2","terraform_version":"1.9.6","variables":{"aws_amis":{"value":{"us-east-1":"ami-04b70fa74e45c3917","us-east-2":"ami-09040d770ffe2224f","us-west-2":"ami-08012c0a9ee8e21c4"}},"aws_region":{"value":"us-east-1"},"cidr_subnet":{"value":"10.1.0.0/24"},"cidr_vpc":{"value":"10.1.0.0/16"},"environment_tag":{"value":"Learn"},"user_department":{"value":"learn"},"user_name":{"value":"terraform"}},"planned_values":{"outputs":{"ami_value":{"sensitive":false,"type":"string","value":"ami-04b70fa74e45c3917"},"web_public_address":{"sensitive":false},"web_public_ip":{"sensitive":false}},"root_module":{"resources":[{"address":"aws_instance.web","mode":"managed","type":"aws_instance","name":"web","provider_name":"registry.terraform.io/hashicorp/aws","schema_version":1,"values":{"ami":"ami-04b70fa74e45c3917","associate_public_ip_address":true,"credit_specification":[],"get_password_data":false,"hibernation":null,"instance_type":"t2.micro","key_name":"ssh_key","launch_template":[],"source_dest_check":true,"tags":null,"tags_all":{"hashicorp-learn":"learn-terraform-functions"},"timeouts":null,"user_data":"6c153d300d8fed81a1d6bfa3b192b4f572ff1f39","user_data_replace_on_change":false,"volume_tags":null},"sensitive_values":{"capacity_reservation_specification":[],"cpu_options":[],"credit_specification":[],"ebs_block_device":[],"enclave_options":[],"ephemeral_block_device":[],"instance_market_options":[],"ipv6_addresses":[],"launch_template":[],"maintenance_options":[],"metadata_options":[],"network_interface":[],"private_dns_name_options":[],"root_block_device":[],"secondary_private_ips":[],"security_groups":[],"tags_all":{},"vpc_security_group_ids":[]}},{"address":"aws_internet_gateway.igw","mode":"managed","type":"aws_internet_gateway","name":"igw","provider_name":"registry.terraform.io/hashicorp/aws","schema_version":0,"values":{"tags":null,"tags_all":{"hashicorp-learn":"learn-terraform-functions"},"timeouts":null},"sensitive_values":{"tags_all":{}}},{"address":"aws_key_pair.ssh_key","mode":"managed","type":"aws_key_pair","name":"ssh_key","provider_name":"registry.terraform.io/hashicorp/aws","schema_version":1,"values":{"key_name":"ssh_key","public_key":"ssh-ed25519 AAAAC3NzaC1lZDI1NTE5AAAAIPBA0Vof42HJ10nc4G2bywoZoNae8vrMBI5tV4kHb7hE luca.bigoni@gmail.com","tags":null,"tags_all":{"hashicorp-learn":"learn-terraform-functions"}},"sensitive_values":{"tags_all":{}}},{"address":"aws_route_table.rtb_public","mode":"managed","type":"aws_route_table","name":"rtb_public","provider_name":"registry.terraform.io/hashicorp/aws","schema_version":0,"values":{"route":[{"carrier_gateway_id":"","cidr_block":"0.0.0.0/0","core_network_arn":"","destination_prefix_list_id":"","egress_only_gateway_id":"","ipv6_cidr_block":"","local_gateway_id":"","nat_gateway_id":"","network_interface_id":"","transit_gateway_id":"","vpc_endpoint_id":"","vpc_peering_connection_id":""}],"tags":null,"tags_all":{"hashicorp-learn":"learn-terraform-functions"},"timeouts":null},"sensitive_values":{"propagating_vgws":[],"route":[{}],"tags_all":{}}},{"address":"aws_route_table_association.rta_subnet_public","mode":"managed","type":"aws_route_table_association","name":"rta_subnet_public","provider_name":"registry.terraform.io/hashicorp/aws","schema_version":0,"values":{"gateway_id":null,"timeouts":null},"sensitive_values":{}},{"address":"aws_security_group.sg_22","mode":"managed","type":"aws_security_group","name":"sg_22","provider_name":"registry.terraform.io/hashicorp/aws","schema_version":1,"values":{"description":"Managed by Terraform","ingress":[{"cidr_blocks":["0.0.0.0/0"],"description":"","from_port":22,"ipv6_cidr_blocks":[],"prefix_list_ids":[],"protocol":"tcp","security_groups":[],"self":false,"to_port":22}],"name":"sg_22","revoke_rules_on_delete":false,"tags":null,"tags_all":{"hashicorp-learn":"learn-terraform-functions"},"timeouts":null},"sensitive_values":{"egress":[],"ingress":[{"cidr_blocks":[false],"ipv6_cidr_blocks":[],"prefix_list_ids":[],"security_groups":[]}],"tags_all":{}}},{"address":"aws_security_group.sg_8080","mode":"managed","type":"aws_security_group","name":"sg_8080","provider_name":"registry.terraform.io/hashicorp/aws","schema_version":1,"values":{"description":"Managed by Terraform","egress":[{"cidr_blocks":["0.0.0.0/0"],"description":"","from_port":0,"ipv6_cidr_blocks":[],"prefix_list_ids":[],"protocol":"-1","security_groups":[],"self":false,"to_port":0}],"ingress":[{"cidr_blocks":["0.0.0.0/0"],"description":"","from_port":8080,"ipv6_cidr_blocks":[],"prefix_list_ids":[],"protocol":"tcp","security_groups":[],"self":false,"to_port":8080}],"name":"sg_8080","revoke_rules_on_delete":false,"tags":null,"tags_all":{"hashicorp-learn":"learn-terraform-functions"},"timeouts":null},"sensitive_values":{"egress":[{"cidr_blocks":[false],"ipv6_cidr_blocks":[],"prefix_list_ids":[],"security_groups":[]}],"ingress":[{"cidr_blocks":[false],"ipv6_cidr_blocks":[],"prefix_list_ids":[],"security_groups":[]}],"tags_all":{}}},{"address":"aws_subnet.subnet_public","mode":"managed","type":"aws_subnet","name":"subnet_public","provider_name":"registry.terraform.io/hashicorp/aws","schema_version":1,"values":{"assign_ipv6_address_on_creation":false,"cidr_block":"10.1.0.0/24","customer_owned_ipv4_pool":null,"enable_dns64":false,"enable_lni_at_device_index":null,"enable_resource_name_dns_a_record_on_launch":false,"enable_resource_name_dns_aaaa_record_on_launch":false,"ipv6_cidr_block":null,"ipv6_native":false,"map_customer_owned_ip_on_launch":null,"map_public_ip_on_launch":false,"outpost_arn":null,"tags":null,"tags_all":{"hashicorp-learn":"learn-terraform-functions"},"timeouts":null},"sensitive_values":{"tags_all":{}}},{"address":"aws_vpc.vpc","mode":"managed","type":"aws_vpc","name":"vpc","provider_name":"registry.terraform.io/hashicorp/aws","schema_version":1,"values":{"assign_generated_ipv6_cidr_block":null,"cidr_block":"10.1.0.0/16","enable_dns_hostnames":true,"enable_dns_support":true,"instance_tenancy":"default","ipv4_ipam_pool_id":null,"ipv4_netmask_length":null,"ipv6_ipam_pool_id":null,"ipv6_netmask_length":null,"tags":null,"tags_all":{"hashicorp-learn":"learn-terraform-functions"}},"sensitive_values":{"tags_all":{}}}]}},"resource_changes":[{"address":"aws_instance.web","mode":"managed","type":"aws_instance","name":"web","provider_name":"registry.terraform.io/hashicorp/aws","change":{"actions":["create"],"before":null,"after":{"ami":"ami-04b70fa74e45c3917","associate_public_ip_address":true,"credit_specification":[],"get_password_data":false,"hibernation":null,"instance_type":"t2.micro","key_name":"ssh_key","launch_template":[],"source_dest_check":true,"tags":null,"tags_all":{"hashicorp-learn":"learn-terraform-functions"},"timeouts":null,"user_data":"6c153d300d8fed81a1d6bfa3b192b4f572ff1f39","user_data_replace_on_change":false,"volume_tags":null},"after_unknown":{"arn":true,"availability_zone":true,"capacity_reservation_specification":true,"cpu_core_count":true,"cpu_options":true,"cpu_threads_per_core":true,"credit_specification":[],"disable_api_stop":true,"disable_api_termination":true,"ebs_block_device":true,"ebs_optimized":true,"enclave_options":true,"ephemeral_block_device":true,"host_id":true,"host_resource_group_arn":true,"iam_instance_profile":true,"id":true,"instance_initiated_shutdown_behavior":true,"instance_lifecycle":true,"instance_market_options":true,"instance_state":true,"ipv6_address_count":true,"ipv6_addresses":true,"launch_template":[],"maintenance_options":true,"metadata_options":true,"monitoring":true,"network_interface":true,"outpost_arn":true,"password_data":true,"placement_group":true,"placement_partition_number":true,"primary_network_interface_id":true,"private_dns":true,"private_dns_name_options":true,"private_ip":true,"public_dns":true,"public_ip":true,"root_block_device":true,"secondary_private_ips":true,"security_groups":true,"spot_instance_request_id":true,"subnet_id":true,"tags_all":{},"tenancy":true,"user_data_base64":true,"vpc_security_group_ids":true},"before_sensitive":false,"after_sensitive":{"capacity_reservation_specification":[],"cpu_options":[],"credit_specification":[],"ebs_block_device":[],"enclave_options":[],"ephemeral_block_device":[],"instance_market_options":[],"ipv6_addresses":[],"launch_template":[],"maintenance_options":[],"metadata_options":[],"network_interface":[],"private_dns_name_options":[],"root_block_device":[],"secondary_private_ips":[],"security_groups":[],"tags_all":{},"vpc_security_group_ids":[]}}},{"address":"aws_internet_gateway.igw","mode":"managed","type":"aws_internet_gateway","name":"igw","provider_name":"registry.terraform.io/hashicorp/aws","change":{"actions":["create"],"before":null,"after":{"tags":null,"tags_all":{"hashicorp-learn":"learn-terraform-functions"},"timeouts":null},"after_unknown":{"arn":true,"id":true,"owner_id":true,"tags_all":{},"vpc_id":true},"before_sensitive":false,"after_sensitive":{"tags_all":{}}}},{"address":"aws_key_pair.ssh_key","mode":"managed","type":"aws_key_pair","name":"ssh_key","provider_name":"registry.terraform.io/hashicorp/aws","change":{"actions":["create"],"before":null,"after":{"key_name":"ssh_key","public_key":"ssh-ed25519 AAAAC3NzaC1lZDI1NTE5AAAAIPBA0Vof42HJ10nc4G2bywoZoNae8vrMBI5tV4kHb7hE luca.bigoni@gmail.com","tags":null,"tags_all":{"hashicorp-learn":"learn-terraform-functions"}},"after_unknown":{"arn":true,"fingerprint":true,"id":true,"key_name_prefix":true,"key_pair_id":true,"key_type":true,"tags_all":{}},"before_sensitive":false,"after_sensitive":{"tags_all":{}}}},{"address":"aws_route_table.rtb_public","mode":"managed","type":"aws_route_table","name":"rtb_public","provider_name":"registry.terraform.io/hashicorp/aws","change":{"actions":["create"],"before":null,"after":{"route":[{"carrier_gateway_id":"","cidr_block":"0.0.0.0/0","core_network_arn":"","destination_prefix_list_id":"","egress_only_gateway_id":"","ipv6_cidr_block":"","local_gateway_id":"","nat_gateway_id":"","network_interface_id":"","transit_gateway_id":"","vpc_endpoint_id":"","vpc_peering_connection_id":""}],"tags":null,"tags_all":{"hashicorp-learn":"learn-terraform-functions"},"timeouts":null},"after_unknown":{"arn":true,"id":true,"owner_id":true,"propagating_vgws":true,"route":[{"gateway_id":true}],"tags_all":{},"vpc_id":true},"before_sensitive":false,"after_sensitive":{"propagating_vgws":[],"route":[{}],"tags_all":{}}}},{"address":"aws_route_table_association.rta_subnet_public","mode":"managed","type":"aws_route_table_association","name":"rta_subnet_public","provider_name":"registry.terraform.io/hashicorp/aws","change":{"actions":["create"],"before":null,"after":{"gateway_id":null,"timeouts":null},"after_unknown":{"id":true,"route_table_id":true,"subnet_id":true},"before_sensitive":false,"after_sensitive":{}}},{"address":"aws_security_group.sg_22","mode":"managed","type":"aws_security_group","name":"sg_22","provider_name":"registry.terraform.io/hashicorp/aws","change":{"actions":["create"],"before":null,"after":{"description":"Managed by Terraform","ingress":[{"cidr_blocks":["0.0.0.0/0"],"description":"","from_port":22,"ipv6_cidr_blocks":[],"prefix_list_ids":[],"protocol":"tcp","security_groups":[],"self":false,"to_port":22}],"name":"sg_22","revoke_rules_on_delete":false,"tags":null,"tags_all":{"hashicorp-learn":"learn-terraform-functions"},"timeouts":null},"after_unknown":{"arn":true,"egress":true,"id":true,"ingress":[{"cidr_blocks":[false],"ipv6_cidr_blocks":[],"prefix_list_ids":[],"security_groups":[]}],"name_prefix":true,"owner_id":true,"tags_all":{},"vpc_id":true},"before_sensitive":false,"after_sensitive":{"egress":[],"ingress":[{"cidr_blocks":[false],"ipv6_cidr_blocks":[],"prefix_list_ids":[],"security_groups":[]}],"tags_all":{}}}},{"address":"aws_security_group.sg_8080","mode":"managed","type":"aws_security_group","name":"sg_8080","provider_name":"registry.terraform.io/hashicorp/aws","change":{"actions":["create"],"before":null,"after":{"description":"Managed by Terraform","egress":[{"cidr_blocks":["0.0.0.0/0"],"description":"","from_port":0,"ipv6_cidr_blocks":[],"prefix_list_ids":[],"protocol":"-1","security_groups":[],"self":false,"to_port":0}],"ingress":[{"cidr_blocks":["0.0.0.0/0"],"description":"","from_port":8080,"ipv6_cidr_blocks":[],"prefix_list_ids":[],"protocol":"tcp","security_groups":[],"self":false,"to_port":8080}],"name":"sg_8080","revoke_rules_on_delete":false,"tags":null,"tags_all":{"hashicorp-learn":"learn-terraform-functions"},"timeouts":null},"after_unknown":{"arn":true,"egress":[{"cidr_blocks":[false],"ipv6_cidr_blocks":[],"prefix_list_ids":[],"security_groups":[]}],"id":true,"ingress":[{"cidr_blocks":[false],"ipv6_cidr_blocks":[],"prefix_list_ids":[],"security_groups":[]}],"name_prefix":true,"owner_id":true,"tags_all":{},"vpc_id":true},"before_sensitive":false,"after_sensitive":{"egress":[{"cidr_blocks":[false],"ipv6_cidr_blocks":[],"prefix_list_ids":[],"security_groups":[]}],"ingress":[{"cidr_blocks":[false],"ipv6_cidr_blocks":[],"prefix_list_ids":[],"security_groups":[]}],"tags_all":{}}}},{"address":"aws_subnet.subnet_public","mode":"managed","type":"aws_subnet","name":"subnet_public","provider_name":"registry.terraform.io/hashicorp/aws","change":{"actions":["create"],"before":null,"after":{"assign_ipv6_address_on_creation":false,"cidr_block":"10.1.0.0/24","customer_owned_ipv4_pool":null,"enable_dns64":false,"enable_lni_at_device_index":null,"enable_resource_name_dns_a_record_on_launch":false,"enable_resource_name_dns_aaaa_record_on_launch":false,"ipv6_cidr_block":null,"ipv6_native":false,"map_customer_owned_ip_on_launch":null,"map_public_ip_on_launch":false,"outpost_arn":null,"tags":null,"tags_all":{"hashicorp-learn":"learn-terraform-functions"},"timeouts":null},"after_unknown":{"arn":true,"availability_zone":true,"availability_zone_id":true,"id":true,"ipv6_cidr_block_association_id":true,"owner_id":true,"private_dns_hostname_type_on_launch":true,"tags_all":{},"vpc_id":true},"before_sensitive":false,"after_sensitive":{"tags_all":{}}}},{"address":"aws_vpc.vpc","mode":"managed","type":"aws_vpc","name":"vpc","provider_name":"registry.terraform.io/hashicorp/aws","change":{"actions":["create"],"before":null,"after":{"assign_generated_ipv6_cidr_block":null,"cidr_block":"10.1.0.0/16","enable_dns_hostnames":true,"enable_dns_support":true,"instance_tenancy":"default","ipv4_ipam_pool_id":null,"ipv4_netmask_length":null,"ipv6_ipam_pool_id":null,"ipv6_netmask_length":null,"tags":null,"tags_all":{"hashicorp-learn":"learn-terraform-functions"}},"after_unknown":{"arn":true,"default_network_acl_id":true,"default_route_table_id":true,"default_security_group_id":true,"dhcp_options_id":true,"enable_network_address_usage_metrics":true,"id":true,"ipv6_association_id":true,"ipv6_cidr_block":true,"ipv6_cidr_block_network_border_group":true,"main_route_table_id":true,"owner_id":true,"tags_all":{}},"before_sensitive":false,"after_sensitive":{"tags_all":{}}}}],"output_changes":{"ami_value":{"actions":["create"],"before":null,"after":"ami-04b70fa74e45c3917","after_unknown":false,"before_sensitive":false,"after_sensitive":false},"web_public_address":{"actions":["create"],"before":null,"after_unknown":true,"before_sensitive":false,"after_sensitive":false},"web_public_ip":{"actions":["create"],"before":null,"after_unknown":true,"before_sensitive":false,"after_sensitive":false}},"prior_state":{"format_version":"1.0","terraform_version":"1.9.6","values":{"outputs":{"ami_value":{"sensitive":false,"value":"ami-04b70fa74e45c3917","type":"string"}},"root_module":{}}},"configuration":{"provider_config":{"aws":{"name":"aws","full_name":"registry.terraform.io/hashicorp/aws","version_constraint":"\u003e= 5.70.0","expressions":{"default_tags":[{"tags":{"constant_value":{"hashicorp-learn":"learn-terraform-functions"}}}],"region":{"references":["var.aws_region"]}}}},"root_module":{"outputs":{"ami_value":{"expression":{"references":["var.aws_amis","var.aws_region"]}},"web_public_address":{"expression":{"references":["aws_instance.web.public_ip","aws_instance.web"]}},"web_public_ip":{"expression":{"references":["aws_instance.web.public_ip","aws_instance.web"]}}},"resources":[{"address":"aws_instance.web","mode":"managed","type":"aws_instance","name":"web","provider_config_key":"aws","expressions":{"ami":{"references":["var.aws_amis","var.aws_region"]},"associate_public_ip_address":{"constant_value":true},"instance_type":{"constant_value":"t2.micro"},"key_name":{"references":["aws_key_pair.ssh_key.key_name","aws_key_pair.ssh_key"]},"subnet_id":{"references":["aws_subnet.subnet_public.id","aws_subnet.subnet_public"]},"user_data":{"references":["var.user_department","var.user_name"]},"vpc_security_group_ids":{"references":["aws_security_group.sg_22.id","aws_security_group.sg_22","aws_security_group.sg_8080.id","aws_security_group.sg_8080"]}},"schema_version":1},{"address":"aws_internet_gateway.igw","mode":"managed","type":"aws_internet_gateway","name":"igw","provider_config_key":"aws","expressions":{"vpc_id":{"references":["aws_vpc.vpc.id","aws_vpc.vpc"]}},"schema_version":0},{"address":"aws_key_pair.ssh_key","mode":"managed","type":"aws_key_pair","name":"ssh_key","provider_config_key":"aws","expressions":{"key_name":{"constant_value":"ssh_key"},"public_key":{}},"schema_version":1},{"address":"aws_route_table.rtb_public","mode":"managed","type":"aws_route_table","name":"rtb_public","provider_config_key":"aws","expressions":{"route":{"references":["aws_internet_gateway.igw.id","aws_internet_gateway.igw"]},"vpc_id":{"references":["aws_vpc.vpc.id","aws_vpc.vpc"]}},"schema_version":0},{"address":"aws_route_table_association.rta_subnet_public","mode":"managed","type":"aws_route_table_association","name":"rta_subnet_public","provider_config_key":"aws","expressions":{"route_table_id":{"references":["aws_route_table.rtb_public.id","aws_route_table.rtb_public"]},"subnet_id":{"references":["aws_subnet.subnet_public.id","aws_subnet.subnet_public"]}},"schema_version":0},{"address":"aws_security_group.sg_22","mode":"managed","type":"aws_security_group","name":"sg_22","provider_config_key":"aws","expressions":{"ingress":{"constant_value":[{"cidr_blocks":["0.0.0.0/0"],"description":null,"from_port":22,"ipv6_cidr_blocks":null,"prefix_list_ids":null,"protocol":"tcp","security_groups":null,"self":null,"to_port":22}]},"name":{"constant_value":"sg_22"},"vpc_id":{"references":["aws_vpc.vpc.id","aws_vpc.vpc"]}},"schema_version":1},{"address":"aws_security_group.sg_8080","mode":"managed","type":"aws_security_group","name":"sg_8080","provider_config_key":"aws","expressions":{"egress":{"constant_value":[{"cidr_blocks":["0.0.0.0/0"],"description":null,"from_port":0,"ipv6_cidr_blocks":null,"prefix_list_ids":null,"protocol":"-1","security_groups":null,"self":null,"to_port":0}]},"ingress":{"constant_value":[{"cidr_blocks":["0.0.0.0/0"],"description":null,"from_port":8080,"ipv6_cidr_blocks":null,"prefix_list_ids":null,"protocol":"tcp","security_groups":null,"self":null,"to_port":8080}]},"name":{"constant_value":"sg_8080"},"vpc_id":{"references":["aws_vpc.vpc.id","aws_vpc.vpc"]}},"schema_version":1},{"address":"aws_subnet.subnet_public","mode":"managed","type":"aws_subnet","name":"subnet_public","provider_config_key":"aws","expressions":{"cidr_block":{"references":["var.cidr_subnet"]},"vpc_id":{"references":["aws_vpc.vpc.id","aws_vpc.vpc"]}},"schema_version":1},{"address":"aws_vpc.vpc","mode":"managed","type":"aws_vpc","name":"vpc","provider_config_key":"aws","expressions":{"cidr_block":{"references":["var.cidr_vpc"]},"enable_dns_hostnames":{"constant_value":true},"enable_dns_support":{"constant_value":true}},"schema_version":1}],"variables":{"aws_amis":{"default":{"us-east-1":"ami-04b70fa74e45c3917","us-east-2":"ami-09040d770ffe2224f","us-west-2":"ami-08012c0a9ee8e21c4"}},"aws_region":{"default":"us-east-1","description":"The AWS region to deploy your instance"},"cidr_subnet":{"default":"10.1.0.0/24","description":"CIDR block for the subnet"},"cidr_vpc":{"default":"10.1.0.0/16","description":"CIDR block for the VPC"},"environment_tag":{"default":"Learn","description":"Environment tag"},"user_department":{"default":"learn","description":"The organization the user belongs to: dev, prod, qa"},"user_name":{"default":"terraform","description":"The user creating this infrastructure"}}}},"relevant_attributes":[{"resource":"aws_instance.web","attribute":["public_ip"]},{"resource":"aws_vpc.vpc","attribute":["id"]},{"resource":"aws_internet_gateway.igw","attribute":["id"]},{"resource":"aws_subnet.subnet_public","attribute":["id"]},{"resource":"aws_route_table.rtb_public","attribute":["id"]},{"resource":"aws_key_pair.ssh_key","attribute":["key_name"]},{"resource":"aws_security_group.sg_22","attribute":["id"]},{"resource":"aws_security_group.sg_8080","attribute":["id"]}],"timestamp":"2024-10-19T19:42:12Z","applyable":true,"complete":true,"errored":false}

